{
  "name": "apple-pay-decrypt",
  "lockfileVersion": 3,
  "requires": true,
  "packages": {
    "": {
      "dependencies": {
        "@madskunker/apple-pay-decrypt": "^3.1.3"
      }
    },
    "node_modules/@fidm/asn1": {
      "version": "1.0.4",
      "resolved": "https://registry.npmjs.org/@fidm/asn1/-/asn1-1.0.4.tgz",
      "integrity": "sha512-esd1jyNvRb2HVaQGq2Gg8Z0kbQPXzV9Tq5Z14KNIov6KfFD6PTaRIO8UpcsYiTNzOqJpmyzWgVTrUwFV3UF4TQ==",
      "license": "MIT",
      "engines": {
        "node": ">= 8"
      }
    },
    "node_modules/@fidm/x509": {
      "version": "1.2.1",
      "resolved": "https://registry.npmjs.org/@fidm/x509/-/x509-1.2.1.tgz",
      "integrity": "sha512-nwc2iesjyc9hkuzcrMCBXQRn653XuAUKorfWM8PZyJawiy1QzLj4vahwzaI25+pfpwOLvMzbJ0uKpWLDNmo16w==",
      "license": "MIT",
      "dependencies": {
        "@fidm/asn1": "^1.0.4",
        "tweetnacl": "^1.0.1"
      },
      "engines": {
        "node": ">= 8"
      }
    },
    "node_modules/@madskunker/apple-pay-decrypt": {
      "version": "3.1.3",
      "resolved": "https://registry.npmjs.org/@madskunker/apple-pay-decrypt/-/apple-pay-decrypt-3.1.3.tgz",
      "integrity": "sha512-HBwaxq4RHDhnlfNCFMMTgw4fJ1pmvoytqTxL2SlrBj03AdR9pfju0CyniFqYFprx4m39ehEwFaAewVO0eIweEg==",
      "license": "BSD",
      "dependencies": {
        "@fidm/x509": "^1.2.1",
        "ec-key": "^0.0.2",
        "node-forge": "^0.8.0"
      }
    },
    "node_modules/asn1.js": {
      "version": "1.0.6",
      "resolved": "https://registry.npmjs.org/asn1.js/-/asn1.js-1.0.6.tgz",
      "integrity": "sha512-viqVzEwvFQa8IFHTQ40TJZyyMDyjx9WoyEkbOPM1YbCF/9BMjpIVKF/ebhf4nZmf73JxIAGnn7xhVCs6LvsO5g==",
      "license": "MIT",
      "dependencies": {
        "inherits": "^2.0.1",
        "minimalistic-assert": "^1.0.0"
      },
      "optionalDependencies": {
        "bn.js": "^2.0.0"
      }
    },
    "node_modules/bn.js": {
      "version": "2.2.0",
      "resolved": "https://registry.npmjs.org/bn.js/-/bn.js-2.2.0.tgz",
      "integrity": "sha512-nlotTGN6qr+NpeCb8d5mdXR47r6GXiyoX4fEeqBF2u9wp/3XgzIwyftMX9TE+StQRJSOUJtyYr9MVk0rn2ftAg==",
      "license": "MIT",
      "optional": true
    },
    "node_modules/ec-key": {
      "version": "0.0.2",
      "resolved": "https://registry.npmjs.org/ec-key/-/ec-key-0.0.2.tgz",
      "integrity": "sha512-M+PEHc4pa5HeteOssJBwaT+Qc6ki8HoXTaLqj/Lv5AQA9nUEMlYLaVg6iwaWSX6pyPX1toMdIfdaDD/Gyut6pw==",
      "license": "MIT",
      "dependencies": {
        "asn1.js": "^1.0.4"
      },
      "engines": {
        "node": "~6.0."
      }
    },
    "node_modules/inherits": {
      "version": "2.0.4",
      "resolved": "https://registry.npmjs.org/inherits/-/inherits-2.0.4.tgz",
      "integrity": "sha512-k/vGaX4/Yla3WzyMCvTQOXYeIHvqOKtnqBduzTHpzpQZzAskKMhZ2K+EnBiSM9zGSoIFeMpXKxa4dYeZIQqewQ==",
      "license": "ISC"
    },
    "node_modules/minimalistic-assert": {
      "version": "1.0.1",
      "resolved": "https://registry.npmjs.org/minimalistic-assert/-/minimalistic-assert-1.0.1.tgz",
      "integrity": "sha512-UtJcAD4yEaGtjPezWuO9wC4nwUnVH/8/Im3yEHQP4b67cXlD/Qr9hdITCU1xDbSEXg2XKNaP8jsReV7vQd00/A==",
      "license": "ISC"
    },
    "node_modules/node-forge": {
      "version": "0.8.5",
      "resolved": "https://registry.npmjs.org/node-forge/-/node-forge-0.8.5.tgz",
      "integrity": "sha512-vFMQIWt+J/7FLNyKouZ9TazT74PRV3wgv9UT4cRjC8BffxFbKXkgIWR42URCPSnHm/QDz6BOlb2Q0U4+VQT67Q==",
      "license": "(BSD-3-Clause OR GPL-2.0)",
      "engines": {
        "node": ">= 4.5.0"
      }
    },
    "node_modules/tweetnacl": {
      "version": "1.0.3",
      "resolved": "https://registry.npmjs.org/tweetnacl/-/tweetnacl-1.0.3.tgz",
      "integrity": "sha512-6rt+RN7aOi1nGMyC4Xa5DdYiukl2UWCbcJft7YhxReBGQD7OAM8Pbxw6YMo4r2diNEA8FEmu32YOn9rhaiE5yw==",
      "license": "Unlicense"
    }
  }
}
